{
  "name": "incident-zero-frontend",
  "version": "0.1.0",
  "lockfileVersion": 3,
  "requires": true,
  "packages": {
    "": {
      "name": "incident-zero-frontend",
      "version": "0.1.0",
      "dependencies": {
        "next": "14.1.0",
        "react": "18.2.0",
        "react-dom": "18.2.0",
        "reactflow": "^11.11.4"
      },
      "devDependencies": {
        "@types/node": "^20.11.0",
        "@types/react": "^18.2.48",
        "@types/react-dom": "^18.2.18",
        "typescript": "^5.3.3"
      }
    },
    "node_modules/@next/env": {
      "version": "14.1.0",
      "license": "MIT"
    },
    "node_modules/@next/swc-darwin-arm64": {
      "version": "14.1.0",
      "resolved": "https://registry.npmjs.org/@next/swc-darwin-arm64/-/swc-darwin-arm64-14.1.0.tgz",
      "integrity": "sha512-nUDn7TOGcIeyQni6lZHfzNoo9S0euXnu0jhsbMOmMJUBfgsnESdjN97kM7cBqQxZa8L/bM9om/S5/1dzCrW6wQ==",
      "cpu": [
        "arm64"
      ],
      "license": "MIT",
      "optional": true,
      "os": [
        "darwin"
      ],
      "engines": {
        "node": ">= 10"
      }
    },
    "node_modules/@next/swc-darwin-x64": {
      "version": "14.1.0",
      "resolved": "https://registry.npmjs.org/@next/swc-darwin-x64/-/swc-darwin-x64-14.1.0.tgz",
      "integrity": "sha512-1jgudN5haWxiAl3O1ljUS2GfupPmcftu2RYJqZiMJmmbBT5M1XDffjUtRUzP4W3cBHsrvkfOFdQ71hAreNQP6g==",
      "cpu": [
        "x64"
      ],
      "license": "MIT",
      "optional": true,
      "os": [
        "darwin"
      ],
      "engines": {
        "node": ">= 10"
      }
    },
    "node_modules/@next/swc-linux-arm64-gnu": {
      "version": "14.1.0",
      "resolved": "https://registry.npmjs.org/@next/swc-linux-arm64-gnu/-/swc-linux-arm64-gnu-14.1.0.tgz",
      "integrity": "sha512-RHo7Tcj+jllXUbK7xk2NyIDod3YcCPDZxj1WLIYxd709BQ7WuRYl3OWUNG+WUfqeQBds6kvZYlc42NJJTNi4tQ==",
      "cpu": [
        "arm64"
      ],
      "license": "MIT",
      "optional": true,
      "os": [
        "linux"
      ],
      "engines": {
        "node": ">= 10"
      }
    },
    "node_modules/@next/swc-linux-arm64-musl": {
      "version": "14.1.0",
      "resolved": "https://registry.npmjs.org/@next/swc-linux-arm64-musl/-/swc-linux-arm64-musl-14.1.0.tgz",
      "integrity": "sha512-v6kP8sHYxjO8RwHmWMJSq7VZP2nYCkRVQ0qolh2l6xroe9QjbgV8siTbduED4u0hlk0+tjS6/Tuy4n5XCp+l6g==",
      "cpu": [
        "arm64"
      ],
      "license": "MIT",
      "optional": true,
      "os": [
        "linux"
      ],
      "engines": {
        "node": ">= 10"
      }
    },
    "node_modules/@next/swc-linux-x64-gnu": {
      "version": "14.1.0",
      "cpu": [
        "x64"
      ],
      "license": "MIT",
      "optional": true,
      "os": [
        "linux"
      ],
      "engines": {
        "node": ">= 10"
      }
    },
    "node_modules/@next/swc-linux-x64-musl": {
      "version": "14.1.0",
      "resolved": "https://registry.npmjs.org/@next/swc-linux-x64-musl/-/swc-linux-x64-musl-14.1.0.tgz",
      "integrity": "sha512-rbaIYFt2X9YZBSbH/CwGAjbBG2/MrACCVu2X0+kSykHzHnYH5FjHxwXLkcoJ10cX0aWCEynpu+rP76x0914atg==",
      "cpu": [
        "x64"
      ],
      "license": "MIT",
      "optional": true,
      "os": [
        "linux"
      ],
      "engines": {
        "node": ">= 10"
      }
    },
    "node_modules/@next/swc-win32-arm64-msvc": {
      "version": "14.1.0",
      "resolved": "https://registry.npmjs.org/@next/swc-win32-arm64-msvc/-/swc-win32-arm64-msvc-14.1.0.tgz",
      "integrity": "sha512-o1N5TsYc8f/HpGt39OUQpQ9AKIGApd3QLueu7hXk//2xq5Z9OxmV6sQfNp8C7qYmiOlHYODOGqNNa0e9jvchGQ==",
      "cpu": [
        "arm64"
      ],
      "license": "MIT",
      "optional": true,
      "os": [
        "win32"
      ],
      "engines": {
        "node": ">= 10"
      }
    },
    "node_modules/@next/swc-win32-ia32-msvc": {
      "version": "14.1.0",
      "resolved": "https://registry.npmjs.org/@next/swc-win32-ia32-msvc/-/swc-win32-ia32-msvc-14.1.0.tgz",
      "integrity": "sha512-XXIuB1DBRCFwNO6EEzCTMHT5pauwaSj4SWs7CYnME57eaReAKBXCnkUE80p/pAZcewm7hs+vGvNqDPacEXHVkw==",
      "cpu": [
        "ia32"
      ],
      "license": "MIT",
      "optional": true,
      "os": [
        "win32"
      ],
      "engines": {
        "node": ">= 10"
      }
    },
    "node_modules/@next/swc-win32-x64-msvc": {
      "version": "14.1.0",
      "resolved": "https://registry.npmjs.org/@next/swc-win32-x64-msvc/-/swc-win32-x64-msvc-14.1.0.tgz",
      "integrity": "sha512-9WEbVRRAqJ3YFVqEZIxUqkiO8l1nool1LmNxygr5HWF8AcSYsEpneUDhmjUVJEzO2A04+oPtZdombzzPPkTtgg==",
      "cpu": [
        "x64"
      ],
      "license": "MIT",
      "optional": true,
      "os": [
        "win32"
      ],
      "engines": {
        "node": ">= 10"
      }
    },
    "node_modules/@reactflow/background": {
      "version": "11.3.14",
      "license": "MIT",
      "dependencies": {
        "@reactflow/core": "11.11.4",
        "classcat": "^5.0.3",
        "zustand": "^4.4.1"
      },
      "peerDependencies": {
        "react": ">=17",
        "react-dom": ">=17"
      }
    },
    "node_modules/@reactflow/controls": {
      "version": "11.2.14",
      "license": "MIT",
      "dependencies": {
        "@reactflow/core": "11.11.4",
        "classcat": "^5.0.3",
        "zustand": "^4.4.1"
      },
      "peerDependencies": {
        "react": ">=17",
        "react-dom": ">=17"
      }
    },
    "node_modules/@reactflow/core": {
      "version": "11.11.4",
      "license": "MIT",
      "dependencies": {
        "@types/d3": "^7.4.0",
        "@types/d3-drag": "^3.0.1",
        "@types/d3-selection": "^3.0.3",
        "@types/d3-zoom": "^3.0.1",
        "classcat": "^5.0.3",
        "d3-drag": "^3.0.0",
        "d3-selection": "^3.0.0",
        "d3-zoom": "^3.0.0",
        "zustand": "^4.4.1"
      },
      "peerDependencies": {
        "react": ">=17",
        "react-dom": ">=17"
      }
    },
    "node_modules/@reactflow/minimap": {
      "version": "11.7.14",
      "license": "MIT",
      "dependencies": {
        "@reactflow/core": "11.11.4",
        "@types/d3-selection": "^3.0.3",
        "@types/d3-zoom": "^3.0.1",
        "classcat": "^5.0.3",
        "d3-selection": "^3.0.0",
        "d3-zoom": "^3.0.0",
        "zustand": "^4.4.1"
      },
      "peerDependencies": {
        "react": ">=17",
        "react-dom": ">=17"
      }
    },
    "node_modules/@reactflow/node-resizer": {
      "version": "2.2.14",
      "license": "MIT",
      "dependencies": {
        "@reactflow/core": "11.11.4",
        "classcat": "^5.0.4",
        "d3-drag": "^3.0.0",
        "d3-selection": "^3.0.0",
        "zustand": "^4.4.1"
      },
      "peerDependencies": {
        "react": ">=17",
        "react-dom": ">=17"
      }
    },
    "node_modules/@reactflow/node-toolbar": {
      "version": "1.3.14",
      "license": "MIT",
      "dependencies": {
        "@reactflow/core": "11.11.4",
        "classcat": "^5.0.3",
        "zustand": "^4.4.1"
      },
      "peerDependencies": {
        "react": ">=17",
        "react-dom": ">=17"
      }
    },
    "node_modules/@swc/helpers": {
      "version": "0.5.2",
      "license": "Apache-2.0",
      "dependencies": {
        "tslib": "^2.4.0"
      }
    },
    "node_modules/@types/d3": {
      "version": "7.4.3",
      "license": "MIT",
      "dependencies": {
        "@types/d3-array": "*",
        "@types/d3-axis": "*",
        "@types/d3-brush": "*",
        "@types/d3-chord": "*",
        "@types/d3-color": "*",
        "@types/d3-contour": "*",
        "@types/d3-delaunay": "*",
        "@types/d3-dispatch": "*",
        "@types/d3-drag": "*",
        "@types/d3-dsv": "*",
        "@types/d3-ease": "*",
        "@types/d3-fetch": "*",
        "@types/d3-force": "*",
        "@types/d3-format": "*",
        "@types/d3-geo": "*",
        "@types/d3-hierarchy": "*",
        "@types/d3-interpolate": "*",
        "@types/d3-path": "*",
        "@types/d3-polygon": "*",
        "@types/d3-quadtree": "*",
        "@types/d3-random": "*",
        "@types/d3-scale": "*",
        "@types/d3-scale-chromatic": "*",
        "@types/d3-selection": "*",
        "@types/d3-shape": "*",
        "@types/d3-time": "*",
        "@types/d3-time-format": "*",
        "@types/d3-timer": "*",
        "@types/d3-transition": "*",
        "@types/d3-zoom": "*"
      }
    },
    "node_modules/@types/d3-array": {
      "version": "3.2.2",
      "license": "MIT"
    },
    "node_modules/@types/d3-axis": {
      "version": "3.0.6",
      "license": "MIT",
      "dependencies": {
        "@types/d3-selection": "*"
      }
    },
    "node_modules/@types/d3-brush": {
      "version": "3.0.6",
      "license": "MIT",
      "dependencies": {
        "@types/d3-selection": "*"
      }
    },
    "node_modules/@types/d3-chord": {
      "version": "3.0.6",
      "license": "MIT"
    },
    "node_modules/@types/d3-color": {
      "version": "3.1.3",
      "license": "MIT"
    },
    "node_modules/@types/d3-contour": {
      "version": "3.0.6",
      "license": "MIT",
      "dependencies": {
        "@types/d3-array": "*",
        "@types/geojson": "*"
      }
    },
    "node_modules/@types/d3-delaunay": {
      "version": "6.0.4",
      "license": "MIT"
    },
    "node_modules/@types/d3-dispatch": {
      "version": "3.0.7",
      "license": "MIT"
    },
    "node_modules/@types/d3-drag": {
      "version": "3.0.7",
      "license": "MIT",
      "dependencies": {
        "@types/d3-selection": "*"
      }
    },
    "node_modules/@types/d3-dsv": {
      "version": "3.0.7",
      "license": "MIT"
    },
    "node_modules/@types/d3-ease": {
      "version": "3.0.2",
      "license": "MIT"
    },
    "node_modules/@types/d3-fetch": {
      "version": "3.0.7",
      "license": "MIT",
      "dependencies": {
        "@types/d3-dsv": "*"
      }
    },
    "node_modules/@types/d3-force": {
      "version": "3.0.10",
      "license": "MIT"
    },
    "node_modules/@types/d3-format": {
      "version": "3.0.4",
      "license": "MIT"
    },
    "node_modules/@types/d3-geo": {
      "version": "3.1.0",
      "license": "MIT",
      "dependencies": {
        "@types/geojson": "*"
      }
    },
    "node_modules/@types/d3-hierarchy": {
      "version": "3.1.7",
      "license": "MIT"
    },
    "node_modules/@types/d3-interpolate": {
      "version": "3.0.4",
      "license": "MIT",
      "dependencies": {
        "@types/d3-color": "*"
      }
    },
    "node_modules/@types/d3-path": {
      "version": "3.1.1",
      "license": "MIT"
    },
    "node_modules/@types/d3-polygon": {
      "version": "3.0.2",
      "license": "MIT"
    },
    "node_modules/@types/d3-quadtree": {
      "version": "3.0.6",
      "license": "MIT"
    },
    "node_modules/@types/d3-random": {
      "version": "3.0.3",
      "license": "MIT"
    },
    "node_modules/@types/d3-scale": {
      "version": "4.0.9",
      "license": "MIT",
      "dependencies": {
        "@types/d3-time": "*"
      }
    },
    "node_modules/@types/d3-scale-chromatic": {
      "version": "3.1.0",
      "license": "MIT"
    },
    "node_modules/@types/d3-selection": {
      "version": "3.0.11",
      "license": "MIT"
    },
    "node_modules/@types/d3-shape": {
      "version": "3.1.8",
      "license": "MIT",
      "dependencies": {
        "@types/d3-path": "*"
      }
    },
    "node_modules/@types/d3-time": {
      "version": "3.0.4",
      "license": "MIT"
    },
    "node_modules/@types/d3-time-format": {
      "version": "4.0.3",
      "license": "MIT"
    },
    "node_modules/@types/d3-timer": {
      "version": "3.0.2",
      "license": "MIT"
    },
    "node_modules/@types/d3-transition": {
      "version": "3.0.9",
      "license": "MIT",
      "dependencies": {
        "@types/d3-selection": "*"
      }
    },
    "node_modules/@types/d3-zoom": {
      "version": "3.0.8",
      "license": "MIT",
      "dependencies": {
        "@types/d3-interpolate": "*",
        "@types/d3-selection": "*"
      }
    },
    "node_modules/@types/geojson": {
      "version": "7946.0.16",
      "license": "MIT"
    },
    "node_modules/@types/node": {
      "version": "20.19.43",
      "dev": true,
      "license": "MIT",
      "dependencies": {
        "undici-types": "~6.21.0"
      }
    },
    "node_modules/@types/prop-types": {
      "version": "15.7.15",
      "devOptional": true,
      "license": "MIT"
    },
    "node_modules/@types/react": {
      "version": "18.3.31",
      "devOptional": true,
      "license": "MIT",
      "dependencies": {
        "@types/prop-types": "*",
        "csstype": "^3.2.2"
      }
    },
    "node_modules/@types/react-dom": {
      "version": "18.3.7",
      "dev": true,
      "license": "MIT",
      "peerDependencies": {
        "@types/react": "^18.0.0"
      }
    },
    "node_modules/busboy": {
      "version": "1.6.0",
      "dependencies": {
        "streamsearch": "^1.1.0"
      },
      "engines": {
        "node": ">=10.16.0"
      }
    },
    "node_modules/caniuse-lite": {
      "version": "1.0.30001799",
      "funding": [
        {
          "type": "opencollective",
          "url": "https://opencollective.com/browserslist"
        },
        {
          "type": "tidelift",
          "url": "https://tidelift.com/funding/github/npm/caniuse-lite"
        },
        {
          "type": "github",
          "url": "https://github.com/sponsors/ai"
        }
      ],
      "license": "CC-BY-4.0"
    },
    "node_modules/classcat": {
      "version": "5.0.5",
      "license": "MIT"
    },
    "node_modules/client-only": {
      "version": "0.0.1",
      "license": "MIT"
    },
    "node_modules/csstype": {
      "version": "3.2.3",
      "devOptional": true,
      "license": "MIT"
    },
    "node_modules/d3-color": {
      "version": "3.1.0",
      "license": "ISC",
      "engines": {
        "node": ">=12"
      }
    },
    "node_modules/d3-dispatch": {
      "version": "3.0.1",
      "license": "ISC",
      "engines": {
        "node": ">=12"
      }
    },
    "node_modules/d3-drag": {
      "version": "3.0.0",
      "license": "ISC",
      "dependencies": {
        "d3-dispatch": "1 - 3",
        "d3-selection": "3"
      },
      "engines": {
        "node": ">=12"
      }
    },
    "node_modules/d3-ease": {
      "version": "3.0.1",
      "license": "BSD-3-Clause",
      "engines": {
        "node": ">=12"
      }
    },
    "node_modules/d3-interpolate": {
      "version": "3.0.1",
      "license": "ISC",
      "dependencies": {
        "d3-color": "1 - 3"
      },
      "engines": {
        "node": ">=12"
      }
    },
    "node_modules/d3-selection": {
      "version": "3.0.0",
      "license": "ISC",
      "engines": {
        "node": ">=12"
      }
    },
    "node_modules/d3-timer": {
      "version": "3.0.1",
      "license": "ISC",
      "engines": {
        "node": ">=12"
      }
    },
    "node_modules/d3-transition": {
      "version": "3.0.1",
      "license": "ISC",
      "dependencies": {
        "d3-color": "1 - 3",
        "d3-dispatch": "1 - 3",
        "d3-ease": "1 - 3",
        "d3-interpolate": "1 - 3",
        "d3-timer": "1 - 3"
      },
      "engines": {
        "node": ">=12"
      },
      "peerDependencies": {
        "d3-selection": "2 - 3"
      }
    },
    "node_modules/d3-zoom": {
      "version": "3.0.0",
      "license": "ISC",
      "dependencies": {
        "d3-dispatch": "1 - 3",
        "d3-drag": "2 - 3",
        "d3-interpolate": "1 - 3",
        "d3-selection": "2 - 3",
        "d3-transition": "2 - 3"
      },
      "engines": {
        "node": ">=12"
      }
    },
    "node_modules/graceful-fs": {
      "version": "4.2.11",
      "license": "ISC"
    },
    "node_modules/js-tokens": {
      "version": "4.0.0",
      "license": "MIT"
    },
    "node_modules/loose-envify": {
      "version": "1.4.0",
      "license": "MIT",
      "dependencies": {
        "js-tokens": "^3.0.0 || ^4.0.0"
      },
      "bin": {
        "loose-envify": "cli.js"
      }
    },
    "node_modules/nanoid": {
      "version": "3.3.15",
      "funding": [
        {
          "type": "github",
          "url": "https://github.com/sponsors/ai"
        }
      ],
      "license": "MIT",
      "bin": {
        "nanoid": "bin/nanoid.cjs"
      },
      "engines": {
        "node": "^10 || ^12 || ^13.7 || ^14 || >=15.0.1"
      }
    },
    "node_modules/next": {
      "version": "14.1.0",
      "resolved": "https://registry.npmjs.org/next/-/next-14.1.0.tgz",
      "integrity": "sha512-wlzrsbfeSU48YQBjZhDzOwhWhGsy+uQycR8bHAOt1LY1bn3zZEcDyHQOEoN3aWzQ8LHCAJ1nqrWCc9XF2+O45Q==",
      "deprecated": "This version has a security vulnerability. Please upgrade to a patched version. See https://nextjs.org/blog/security-update-2025-12-11 for more details.",
      "license": "MIT",
      "dependencies": {
        "@next/env": "14.1.0",
        "@swc/helpers": "0.5.2",
        "busboy": "1.6.0",
        "caniuse-lite": "^1.0.30001579",
        "graceful-fs": "^4.2.11",
        "postcss": "8.4.31",
        "styled-jsx": "5.1.1"
      },
      "bin": {
        "next": "dist/bin/next"
      },
      "engines": {
        "node": ">=18.17.0"
      },
      "optionalDependencies": {
        "@next/swc-darwin-arm64": "14.1.0",
        "@next/swc-darwin-x64": "14.1.0",
        "@next/swc-linux-arm64-gnu": "14.1.0",
        "@next/swc-linux-arm64-musl": "14.1.0",
        "@next/swc-linux-x64-gnu": "14.1.0",
        "@next/swc-linux-x64-musl": "14.1.0",
        "@next/swc-win32-arm64-msvc": "14.1.0",
        "@next/swc-win32-ia32-msvc": "14.1.0",
        "@next/swc-win32-x64-msvc": "14.1.0"
      },
      "peerDependencies": {
        "@opentelemetry/api": "^1.1.0",
        "react": "^18.2.0",
        "react-dom": "^18.2.0",
        "sass": "^1.3.0"
      },
      "peerDependenciesMeta": {
        "@opentelemetry/api": {
          "optional": true
        },
        "sass": {
          "optional": true
        }
      }
    },
    "node_modules/picocolors": {
      "version": "1.1.1",
      "license": "ISC"
    },
    "node_modules/postcss": {
      "version": "8.4.31",
      "funding": [
        {
          "type": "opencollective",
          "url": "https://opencollective.com/postcss/"
        },
        {
          "type": "tidelift",
          "url": "https://tidelift.com/funding/github/npm/postcss"
        },
        {
          "type": "github",
          "url": "https://github.com/sponsors/ai"
        }
      ],
      "license": "MIT",
      "dependencies": {
        "nanoid": "^3.3.6",
        "picocolors": "^1.0.0",
        "source-map-js": "^1.0.2"
      },
      "engines": {
        "node": "^10 || ^12 || >=14"
      }
    },
    "node_modules/react": {
      "version": "18.2.0",
      "license": "MIT",
      "dependencies": {
        "loose-envify": "^1.1.0"
      },
      "engines": {
        "node": ">=0.10.0"
      }
    },
    "node_modules/react-dom": {
      "version": "18.2.0",
      "license": "MIT",
      "dependencies": {
        "loose-envify": "^1.1.0",
        "scheduler": "^0.23.0"
      },
      "peerDependencies": {
        "react": "^18.2.0"
      }
    },
    "node_modules/reactflow": {
      "version": "11.11.4",
      "license": "MIT",
      "dependencies": {
        "@reactflow/background": "11.3.14",
        "@reactflow/controls": "11.2.14",
        "@reactflow/core": "11.11.4",
        "@reactflow/minimap": "11.7.14",
        "@reactflow/node-resizer": "2.2.14",
        "@reactflow/node-toolbar": "1.3.14"
      },
      "peerDependencies": {
        "react": ">=17",
        "react-dom": ">=17"
      }
    },
    "node_modules/scheduler": {
      "version": "0.23.2",
      "license": "MIT",
      "dependencies": {
        "loose-envify": "^1.1.0"
      }
    },
    "node_modules/source-map-js": {
      "version": "1.2.1",
      "license": "BSD-3-Clause",
      "engines": {
        "node": ">=0.10.0"
      }
    },
    "node_modules/streamsearch": {
      "version": "1.1.0",
      "engines": {
        "node": ">=10.0.0"
      }
    },
    "node_modules/styled-jsx": {
      "version": "5.1.1",
      "license": "MIT",
      "dependencies": {
        "client-only": "0.0.1"
      },
      "engines": {
        "node": ">= 12.0.0"
      },
      "peerDependencies": {
        "react": ">= 16.8.0 || 17.x.x || ^18.0.0-0"
      },
      "peerDependenciesMeta": {
        "@babel/core": {
          "optional": true
        },
        "babel-plugin-macros": {
          "optional": true
        }
      }
    },
    "node_modules/tslib": {
      "version": "2.8.1",
      "license": "0BSD"
    },
    "node_modules/typescript": {
      "version": "5.9.3",
      "dev": true,
      "license": "Apache-2.0",
      "bin": {
        "tsc": "bin/tsc",
        "tsserver": "bin/tsserver"
      },
      "engines": {
        "node": ">=14.17"
      }
    },
    "node_modules/undici-types": {
      "version": "6.21.0",
      "dev": true,
      "license": "MIT"
    },
    "node_modules/use-sync-external-store": {
      "version": "1.6.0",
      "license": "MIT",
      "peerDependencies": {
        "react": "^16.8.0 || ^17.0.0 || ^18.0.0 || ^19.0.0"
      }
    },
    "node_modules/zustand": {
      "version": "4.5.7",
      "license": "MIT",
      "dependencies": {
        "use-sync-external-store": "^1.2.2"
      },
      "engines": {
        "node": ">=12.7.0"
      },
      "peerDependencies": {
        "@types/react": ">=16.8",
        "immer": ">=9.0.6",
        "react": ">=16.8"
      },
      "peerDependenciesMeta": {
        "@types/react": {
          "optional": true
        },
        "immer": {
          "optional": true
        },
        "react": {
          "optional": true
        }
      }
    }
  }
}
